
Microsoft Visual Studio Solution File, Format Version 12.00
# Visual Studio 15
VisualStudioVersion = 15.0.28010.2036
MinimumVisualStudioVersion = 10.0.40219.1
Project("{FAE04EC0-301F-11D3-BF4B-00C04F79EFBC}") = "FestiSpec", "FestiSpec\FestiSpec.csproj", "{E8C8E880-134B-48A9-9B3D-1CEA5665480B}"
EndProject
Project("{FAE04EC0-301F-11D3-BF4B-00C04F79EFBC}") = "FestiSpec.Entities", "FestiSpec.Entities\FestiSpec.Entities.csproj", "{C9E27803-2A7C-4C33-BEC7-7E2839FF3A97}"
EndProject
Project("{FAE04EC0-301F-11D3-BF4B-00C04F79EFBC}") = "FestiSpec.PdfBuilder", "FestiSpec.PdfBuilder\FestiSpec.PdfBuilder.csproj", "{1ADAC575-500E-4449-BE86-00E95AE011BE}"
EndProject
Project("{FAE04EC0-301F-11D3-BF4B-00C04F79EFBC}") = "FestiSpec.Maps", "FestiSpec.Maps\FestiSpec.Maps.csproj", "{FFC63859-E7A5-45D3-888D-B829C499DC69}"
EndProject
Project("{FAE04EC0-301F-11D3-BF4B-00C04F79EFBC}") = "FestiSpec.Website", "FestiSpec.Website\FestiSpec.Website.csproj", "{88836279-9AF9-4B24-95DE-20BB83303EE8}"
EndProject
Global
	GlobalSection(SolutionConfigurationPlatforms) = preSolution
		Debug|Any CPU = Debug|Any CPU
		Release|Any CPU = Release|Any CPU
	EndGlobalSection
	GlobalSection(ProjectConfigurationPlatforms) = postSolution
		{E8C8E880-134B-48A9-9B3D-1CEA5665480B}.Debug|Any CPU.ActiveCfg = Debug|Any CPU
		{E8C8E880-134B-48A9-9B3D-1CEA5665480B}.Debug|Any CPU.Build.0 = Debug|Any CPU
		{E8C8E880-134B-48A9-9B3D-1CEA5665480B}.Release|Any CPU.ActiveCfg = Release|Any CPU
		{E8C8E880-134B-48A9-9B3D-1CEA5665480B}.Release|Any CPU.Build.0 = Release|Any CPU
		{C9E27803-2A7C-4C33-BEC7-7E2839FF3A97}.Debug|Any CPU.ActiveCfg = Debug|Any CPU
		{C9E27803-2A7C-4C33-BEC7-7E2839FF3A97}.Debug|Any CPU.Build.0 = Debug|Any CPU
		{C9E27803-2A7C-4C33-BEC7-7E2839FF3A97}.Release|Any CPU.ActiveCfg = Release|Any CPU
		{C9E27803-2A7C-4C33-BEC7-7E2839FF3A97}.Release|Any CPU.Build.0 = Release|Any CPU
		{1ADAC575-500E-4449-BE86-00E95AE011BE}.Debug|Any CPU.ActiveCfg = Debug|Any CPU
		{1ADAC575-500E-4449-BE86-00E95AE011BE}.Debug|Any CPU.Build.0 = Debug|Any CPU
		{1ADAC575-500E-4449-BE86-00E95AE011BE}.Release|Any CPU.ActiveCfg = Release|Any CPU
		{1ADAC575-500E-4449-BE86-00E95AE011BE}.Release|Any CPU.Build.0 = Release|Any CPU
		{FFC63859-E7A5-45D3-888D-B829C499DC69}.Debug|Any CPU.ActiveCfg = Debug|Any CPU
		{FFC63859-E7A5-45D3-888D-B829C499DC69}.Debug|Any CPU.Build.0 = Debug|Any CPU
		{FFC63859-E7A5-45D3-888D-B829C499DC69}.Release|Any CPU.ActiveCfg = Release|Any CPU
		{FFC63859-E7A5-45D3-888D-B829C499DC69}.Release|Any CPU.Build.0 = Release|Any CPU
		{88836279-9AF9-4B24-95DE-20BB83303EE8}.Debug|Any CPU.ActiveCfg = Debug|Any CPU
		{88836279-9AF9-4B24-95DE-20BB83303EE8}.Debug|Any CPU.Build.0 = Debug|Any CPU
		{88836279-9AF9-4B24-95DE-20BB83303EE8}.Release|Any CPU.ActiveCfg = Release|Any CPU
		{88836279-9AF9-4B24-95DE-20BB83303EE8}.Release|Any CPU.Build.0 = Release|Any CPU
	EndGlobalSection
	GlobalSection(SolutionProperties) = preSolution
		HideSolutionNode = FALSE
	EndGlobalSection
	GlobalSection(ExtensibilityGlobals) = postSolution
		SolutionGuid = {33595ED0-FC06-4F75-89BB-809780B19654}
	EndGlobalSection
EndGlobal
